
Microsoft Visual Studio Solution File, Format Version 12.00
# Visual Studio Version 17
VisualStudioVersion = 17.11.35219.272
MinimumVisualStudioVersion = 10.0.40219.1
Project("{9A19103F-16F7-4668-BE54-9A1E7A4F7556}") = "FaceSwapWinform", "FaceSwapWinform\FaceSwapWinform.csproj", "{1C783907-BD68-4085-8643-23BDE6D443E6}"
EndProject
Global
	GlobalSection(SolutionConfigurationPlatforms) = preSolution
		Debug|Any CPU = Debug|Any CPU
		Release|Any CPU = Release|Any CPU
	EndGlobalSection
	GlobalSection(ProjectConfigurationPlatforms) = postSolution
		{1C783907-BD68-4085-8643-23BDE6D443E6}.Debug|Any CPU.ActiveCfg = Debug|Any CPU
		{1C783907-BD68-4085-8643-23BDE6D443E6}.Debug|Any CPU.Build.0 = Debug|Any CPU
		{1C783907-BD68-4085-8643-23BDE6D443E6}.Release|Any CPU.ActiveCfg = Release|Any CPU
		{1C783907-BD68-4085-8643-23BDE6D443E6}.Release|Any CPU.Build.0 = Release|Any CPU
	EndGlobalSection
	GlobalSection(SolutionProperties) = preSolution
		HideSolutionNode = FALSE
	EndGlobalSection
	GlobalSection(ExtensibilityGlobals) = postSolution
		SolutionGuid = {71F41898-932D-4BF4-BC7F-59DD664387B1}
	EndGlobalSection
EndGlobal
